
Microsoft Visual Studio Solution File, Format Version 12.00
# Visual Studio 14
VisualStudioVersion = 14.0.24720.0
MinimumVisualStudioVersion = 10.0.40219.1
Project("{FAE04EC0-301F-11D3-BF4B-00C04F79EFBC}") = "CH4Update", "CH4Update\CH4Update.csproj", "{E8D1864B-1FF7-4144-B649-0DA97D1FA82C}"
EndProject
Project("{FAE04EC0-301F-11D3-BF4B-00C04F79EFBC}") = "CH5", "CH5\CH5.csproj", "{FB5F6CD2-1659-48D6-9E70-9C03BD9DAA09}"
EndProject
Project("{FAE04EC0-301F-11D3-BF4B-00C04F79EFBC}") = "CH6Arrays", "CH6Arrays\CH6Arrays.csproj", "{BB995EEE-BC03-450E-B64E-3A11F3F2D230}"
EndProject
Project("{FAE04EC0-301F-11D3-BF4B-00C04F79EFBC}") = "CH7Methods", "CH7Methods\CH7Methods.csproj", "{C7C81D01-5C32-4357-B061-7C51E440492F}"
EndProject
Project("{FAE04EC0-301F-11D3-BF4B-00C04F79EFBC}") = "CH8AdvancedMethodConcepts", "CH8AdvancedMethodConcepts\CH8AdvancedMethodConcepts.csproj", "{9A41D875-B424-4ED4-B48B-9F020153BD14}"
EndProject
Project("{FAE04EC0-301F-11D3-BF4B-00C04F79EFBC}") = "CH9UsingClassesandObjects", "CH9UsingClassesandObjects\CH9UsingClassesandObjects.csproj", "{7BC712E7-4A41-48BD-82F8-0C7E8D864070}"
EndProject
Project("{FAE04EC0-301F-11D3-BF4B-00C04F79EFBC}") = "CH10Inheritance", "CH10Inheritance\CH10Inheritance.csproj", "{89F322EE-D7AD-472D-8538-186A85B65739}"
EndProject
Project("{FAE04EC0-301F-11D3-BF4B-00C04F79EFBC}") = "CH11Exceptions", "CH11Exceptions\CH11Exceptions.csproj", "{EF9ECCE6-26D8-44AF-A003-D529B614BF4D}"
EndProject
Project("{FAE04EC0-301F-11D3-BF4B-00C04F79EFBC}") = "CH14FileStreams", "CH14FileStreams\CH14FileStreams.csproj", "{FF9C6738-B9F1-4F7B-82CE-F61EC2D68F9A}"
EndProject
Global
	GlobalSection(SolutionConfigurationPlatforms) = preSolution
		Debug|Any CPU = Debug|Any CPU
		Release|Any CPU = Release|Any CPU
	EndGlobalSection
	GlobalSection(ProjectConfigurationPlatforms) = postSolution
		{E8D1864B-1FF7-4144-B649-0DA97D1FA82C}.Debug|Any CPU.ActiveCfg = Debug|Any CPU
		{E8D1864B-1FF7-4144-B649-0DA97D1FA82C}.Debug|Any CPU.Build.0 = Debug|Any CPU
		{E8D1864B-1FF7-4144-B649-0DA97D1FA82C}.Release|Any CPU.ActiveCfg = Release|Any CPU
		{E8D1864B-1FF7-4144-B649-0DA97D1FA82C}.Release|Any CPU.Build.0 = Release|Any CPU
		{FB5F6CD2-1659-48D6-9E70-9C03BD9DAA09}.Debug|Any CPU.ActiveCfg = Debug|Any CPU
		{FB5F6CD2-1659-48D6-9E70-9C03BD9DAA09}.Debug|Any CPU.Build.0 = Debug|Any CPU
		{FB5F6CD2-1659-48D6-9E70-9C03BD9DAA09}.Release|Any CPU.ActiveCfg = Release|Any CPU
		{FB5F6CD2-1659-48D6-9E70-9C03BD9DAA09}.Release|Any CPU.Build.0 = Release|Any CPU
		{BB995EEE-BC03-450E-B64E-3A11F3F2D230}.Debug|Any CPU.ActiveCfg = Debug|Any CPU
		{BB995EEE-BC03-450E-B64E-3A11F3F2D230}.Debug|Any CPU.Build.0 = Debug|Any CPU
		{BB995EEE-BC03-450E-B64E-3A11F3F2D230}.Release|Any CPU.ActiveCfg = Release|Any CPU
		{BB995EEE-BC03-450E-B64E-3A11F3F2D230}.Release|Any CPU.Build.0 = Release|Any CPU
		{C7C81D01-5C32-4357-B061-7C51E440492F}.Debug|Any CPU.ActiveCfg = Debug|Any CPU
		{C7C81D01-5C32-4357-B061-7C51E440492F}.Debug|Any CPU.Build.0 = Debug|Any CPU
		{C7C81D01-5C32-4357-B061-7C51E440492F}.Release|Any CPU.ActiveCfg = Release|Any CPU
		{C7C81D01-5C32-4357-B061-7C51E440492F}.Release|Any CPU.Build.0 = Release|Any CPU
		{9A41D875-B424-4ED4-B48B-9F020153BD14}.Debug|Any CPU.ActiveCfg = Debug|Any CPU
		{9A41D875-B424-4ED4-B48B-9F020153BD14}.Debug|Any CPU.Build.0 = Debug|Any CPU
		{9A41D875-B424-4ED4-B48B-9F020153BD14}.Release|Any CPU.ActiveCfg = Release|Any CPU
		{9A41D875-B424-4ED4-B48B-9F020153BD14}.Release|Any CPU.Build.0 = Release|Any CPU
		{7BC712E7-4A41-48BD-82F8-0C7E8D864070}.Debug|Any CPU.ActiveCfg = Debug|Any CPU
		{7BC712E7-4A41-48BD-82F8-0C7E8D864070}.Debug|Any CPU.Build.0 = Debug|Any CPU
		{7BC712E7-4A41-48BD-82F8-0C7E8D864070}.Release|Any CPU.ActiveCfg = Release|Any CPU
		{7BC712E7-4A41-48BD-82F8-0C7E8D864070}.Release|Any CPU.Build.0 = Release|Any CPU
		{89F322EE-D7AD-472D-8538-186A85B65739}.Debug|Any CPU.ActiveCfg = Debug|Any CPU
		{89F322EE-D7AD-472D-8538-186A85B65739}.Debug|Any CPU.Build.0 = Debug|Any CPU
		{89F322EE-D7AD-472D-8538-186A85B65739}.Release|Any CPU.ActiveCfg = Release|Any CPU
		{89F322EE-D7AD-472D-8538-186A85B65739}.Release|Any CPU.Build.0 = Release|Any CPU
		{EF9ECCE6-26D8-44AF-A003-D529B614BF4D}.Debug|Any CPU.ActiveCfg = Debug|Any CPU
		{EF9ECCE6-26D8-44AF-A003-D529B614BF4D}.Debug|Any CPU.Build.0 = Debug|Any CPU
		{EF9ECCE6-26D8-44AF-A003-D529B614BF4D}.Release|Any CPU.ActiveCfg = Release|Any CPU
		{EF9ECCE6-26D8-44AF-A003-D529B614BF4D}.Release|Any CPU.Build.0 = Release|Any CPU
		{FF9C6738-B9F1-4F7B-82CE-F61EC2D68F9A}.Debug|Any CPU.ActiveCfg = Debug|Any CPU
		{FF9C6738-B9F1-4F7B-82CE-F61EC2D68F9A}.Debug|Any CPU.Build.0 = Debug|Any CPU
		{FF9C6738-B9F1-4F7B-82CE-F61EC2D68F9A}.Release|Any CPU.ActiveCfg = Release|Any CPU
		{FF9C6738-B9F1-4F7B-82CE-F61EC2D68F9A}.Release|Any CPU.Build.0 = Release|Any CPU
	EndGlobalSection
	GlobalSection(SolutionProperties) = preSolution
		HideSolutionNode = FALSE
	EndGlobalSection
EndGlobal
