
Microsoft Visual Studio Solution File, Format Version 12.00
# Visual Studio 14
VisualStudioVersion = 14.0.24720.0
MinimumVisualStudioVersion = 10.0.40219.1
Project("{FAE04EC0-301F-11D3-BF4B-00C04F79EFBC}") = "CH4Update", "CH4Update\CH4Update.csproj", "{E8D1864B-1FF7-4144-B649-0DA97D1FA82C}"
EndProject
Project("{FAE04EC0-301F-11D3-BF4B-00C04F79EFBC}") = "CH5", "CH5\CH5.csproj", "{FB5F6CD2-1659-48D6-9E70-9C03BD9DAA09}"
EndProject
Project("{FAE04EC0-301F-11D3-BF4B-00C04F79EFBC}") = "CH6Arrays", "CH6Arrays\CH6Arrays.csproj", "{BB995EEE-BC03-450E-B64E-3A11F3F2D230}"
EndProject
Project("{FAE04EC0-301F-11D3-BF4B-00C04F79EFBC}") = "CH7Methods", "CH7Methods\CH7Methods.csproj", "{C7C81D01-5C32-4357-B061-7C51E440492F}"
EndProject
Global
	GlobalSection(SolutionConfigurationPlatforms) = preSolution
		Debug|Any CPU = Debug|Any CPU
		Release|Any CPU = Release|Any CPU
	EndGlobalSection
	GlobalSection(ProjectConfigurationPlatforms) = postSolution
		{E8D1864B-1FF7-4144-B649-0DA97D1FA82C}.Debug|Any CPU.ActiveCfg = Debug|Any CPU
		{E8D1864B-1FF7-4144-B649-0DA97D1FA82C}.Debug|Any CPU.Build.0 = Debug|Any CPU
		{E8D1864B-1FF7-4144-B649-0DA97D1FA82C}.Release|Any CPU.ActiveCfg = Release|Any CPU
		{E8D1864B-1FF7-4144-B649-0DA97D1FA82C}.Release|Any CPU.Build.0 = Release|Any CPU
		{FB5F6CD2-1659-48D6-9E70-9C03BD9DAA09}.Debug|Any CPU.ActiveCfg = Debug|Any CPU
		{FB5F6CD2-1659-48D6-9E70-9C03BD9DAA09}.Debug|Any CPU.Build.0 = Debug|Any CPU
		{FB5F6CD2-1659-48D6-9E70-9C03BD9DAA09}.Release|Any CPU.ActiveCfg = Release|Any CPU
		{FB5F6CD2-1659-48D6-9E70-9C03BD9DAA09}.Release|Any CPU.Build.0 = Release|Any CPU
		{BB995EEE-BC03-450E-B64E-3A11F3F2D230}.Debug|Any CPU.ActiveCfg = Debug|Any CPU
		{BB995EEE-BC03-450E-B64E-3A11F3F2D230}.Debug|Any CPU.Build.0 = Debug|Any CPU
		{BB995EEE-BC03-450E-B64E-3A11F3F2D230}.Release|Any CPU.ActiveCfg = Release|Any CPU
		{BB995EEE-BC03-450E-B64E-3A11F3F2D230}.Release|Any CPU.Build.0 = Release|Any CPU
		{C7C81D01-5C32-4357-B061-7C51E440492F}.Debug|Any CPU.ActiveCfg = Debug|Any CPU
		{C7C81D01-5C32-4357-B061-7C51E440492F}.Debug|Any CPU.Build.0 = Debug|Any CPU
		{C7C81D01-5C32-4357-B061-7C51E440492F}.Release|Any CPU.ActiveCfg = Release|Any CPU
		{C7C81D01-5C32-4357-B061-7C51E440492F}.Release|Any CPU.Build.0 = Release|Any CPU
	EndGlobalSection
	GlobalSection(SolutionProperties) = preSolution
		HideSolutionNode = FALSE
	EndGlobalSection
EndGlobal
